
Microsoft Visual Studio Solution File, Format Version 12.00
# Visual Studio Version 17
VisualStudioVersion = 17.7.34031.279
MinimumVisualStudioVersion = 10.0.40219.1
Project("{9A19103F-16F7-4668-BE54-9A1E7A4F7556}") = "BEARLINGO", "BEARLINGO.csproj", "{240A44FF-4304-410B-B169-AACD94476801}"
EndProject
Global
	GlobalSection(SolutionConfigurationPlatforms) = preSolution
		Debug|Any CPU = Debug|Any CPU
		Release|Any CPU = Release|Any CPU
	EndGlobalSection
	GlobalSection(ProjectConfigurationPlatforms) = postSolution
		{240A44FF-4304-410B-B169-AACD94476801}.Debug|Any CPU.ActiveCfg = Debug|Any CPU
		{240A44FF-4304-410B-B169-AACD94476801}.Debug|Any CPU.Build.0 = Debug|Any CPU
		{240A44FF-4304-410B-B169-AACD94476801}.Release|Any CPU.ActiveCfg = Release|Any CPU
		{240A44FF-4304-410B-B169-AACD94476801}.Release|Any CPU.Build.0 = Release|Any CPU
	EndGlobalSection
	GlobalSection(SolutionProperties) = preSolution
		HideSolutionNode = FALSE
	EndGlobalSection
	GlobalSection(ExtensibilityGlobals) = postSolution
		SolutionGuid = {B7E05B15-47F5-4025-BF7E-1F368A8AD949}
	EndGlobalSection
EndGlobal
